
Microsoft Visual Studio Solution File, Format Version 12.00
# Visual Studio Version 17
VisualStudioVersion = 17.0.31919.166
MinimumVisualStudioVersion = 10.0.40219.1
Project("{FAE04EC0-301F-11D3-BF4B-00C04F79EFBC}") = "CoreLibrary", "CoreLibrary\CoreLibrary.csproj", "{1D0A1D8F-6CB7-409C-B053-ADADD70A45BF}"
EndProject
Project("{FAE04EC0-301F-11D3-BF4B-00C04F79EFBC}") = "CoreLibrary.Tests", "CoreLibrary.Tests\CoreLibrary.Tests.csproj", "{2EC716A7-CB91-433A-B171-3399B7641AFE}"
EndProject
Project("{FAE04EC0-301F-11D3-BF4B-00C04F79EFBC}") = "IdentityApi", "IdentityApi\IdentityApi.csproj", "{47B6744A-0C40-4980-82A9-7E0720844A7B}"
EndProject
Global
	GlobalSection(SolutionConfigurationPlatforms) = preSolution
		Debug|Any CPU = Debug|Any CPU
		Release|Any CPU = Release|Any CPU
	EndGlobalSection
	GlobalSection(ProjectConfigurationPlatforms) = postSolution
		{1D0A1D8F-6CB7-409C-B053-ADADD70A45BF}.Debug|Any CPU.ActiveCfg = Debug|Any CPU
		{1D0A1D8F-6CB7-409C-B053-ADADD70A45BF}.Debug|Any CPU.Build.0 = Debug|Any CPU
		{1D0A1D8F-6CB7-409C-B053-ADADD70A45BF}.Release|Any CPU.ActiveCfg = Release|Any CPU
		{1D0A1D8F-6CB7-409C-B053-ADADD70A45BF}.Release|Any CPU.Build.0 = Release|Any CPU
		{2EC716A7-CB91-433A-B171-3399B7641AFE}.Debug|Any CPU.ActiveCfg = Debug|Any CPU
		{2EC716A7-CB91-433A-B171-3399B7641AFE}.Debug|Any CPU.Build.0 = Debug|Any CPU
		{2EC716A7-CB91-433A-B171-3399B7641AFE}.Release|Any CPU.ActiveCfg = Release|Any CPU
		{2EC716A7-CB91-433A-B171-3399B7641AFE}.Release|Any CPU.Build.0 = Release|Any CPU
		{47B6744A-0C40-4980-82A9-7E0720844A7B}.Debug|Any CPU.ActiveCfg = Debug|Any CPU
		{47B6744A-0C40-4980-82A9-7E0720844A7B}.Debug|Any CPU.Build.0 = Debug|Any CPU
		{47B6744A-0C40-4980-82A9-7E0720844A7B}.Release|Any CPU.ActiveCfg = Release|Any CPU
		{47B6744A-0C40-4980-82A9-7E0720844A7B}.Release|Any CPU.Build.0 = Release|Any CPU
	EndGlobalSection
	GlobalSection(SolutionProperties) = preSolution
		HideSolutionNode = FALSE
	EndGlobalSection
	GlobalSection(ExtensibilityGlobals) = postSolution
		SolutionGuid = {04C99814-31CB-4645-BC4C-C94ED2EFEB19}
	EndGlobalSection
EndGlobal
