
Microsoft Visual Studio Solution File, Format Version 12.00
# Visual Studio Version 17
VisualStudioVersion = 17.0.31919.166
MinimumVisualStudioVersion = 10.0.40219.1
Project("{FAE04EC0-301F-11D3-BF4B-00C04F79EFBC}") = "CoreLibrary", "CoreLibrary\CoreLibrary.csproj", "{1D0A1D8F-6CB7-409C-B053-ADADD70A45BF}"
EndProject
Project("{FAE04EC0-301F-11D3-BF4B-00C04F79EFBC}") = "CoreLibrary.Tests", "CoreLibrary.Tests\CoreLibrary.Tests.csproj", "{2EC716A7-CB91-433A-B171-3399B7641AFE}"
EndProject
Project("{FAE04EC0-301F-11D3-BF4B-00C04F79EFBC}") = "IdentityApi", "IdentityApi\IdentityApi.csproj", "{47B6744A-0C40-4980-82A9-7E0720844A7B}"
EndProject
Project("{E53339B2-1760-4266-BCC7-CA923CBCF16C}") = "docker-compose", "docker-compose.dcproj", "{11E6EDD5-E9DF-4E65-924C-E961336F1DF9}"
EndProject
Project("{FAE04EC0-301F-11D3-BF4B-00C04F79EFBC}") = "GameCollectionApi", "GameCollectionApi\GameCollectionApi.csproj", "{CFE9F3A8-B4D5-4B34-AB8A-321086FADB0D}"
EndProject
Project("{FAE04EC0-301F-11D3-BF4B-00C04F79EFBC}") = "GameCollection", "GameCollection\GameCollection.csproj", "{038CAEFF-5327-45CD-8D83-E77B8FE47B06}"
EndProject
Project("{FAE04EC0-301F-11D3-BF4B-00C04F79EFBC}") = "CoreLibrary.EfRepository", "CoreLibrary.EfRepository\CoreLibrary.EfRepository.csproj", "{5F438493-B39A-4D9B-B5F9-A8E69055C3CE}"
EndProject
Global
	GlobalSection(SolutionConfigurationPlatforms) = preSolution
		Debug|Any CPU = Debug|Any CPU
		Release|Any CPU = Release|Any CPU
	EndGlobalSection
	GlobalSection(ProjectConfigurationPlatforms) = postSolution
		{1D0A1D8F-6CB7-409C-B053-ADADD70A45BF}.Debug|Any CPU.ActiveCfg = Debug|Any CPU
		{1D0A1D8F-6CB7-409C-B053-ADADD70A45BF}.Debug|Any CPU.Build.0 = Debug|Any CPU
		{1D0A1D8F-6CB7-409C-B053-ADADD70A45BF}.Release|Any CPU.ActiveCfg = Release|Any CPU
		{1D0A1D8F-6CB7-409C-B053-ADADD70A45BF}.Release|Any CPU.Build.0 = Release|Any CPU
		{2EC716A7-CB91-433A-B171-3399B7641AFE}.Debug|Any CPU.ActiveCfg = Debug|Any CPU
		{2EC716A7-CB91-433A-B171-3399B7641AFE}.Debug|Any CPU.Build.0 = Debug|Any CPU
		{2EC716A7-CB91-433A-B171-3399B7641AFE}.Release|Any CPU.ActiveCfg = Release|Any CPU
		{2EC716A7-CB91-433A-B171-3399B7641AFE}.Release|Any CPU.Build.0 = Release|Any CPU
		{47B6744A-0C40-4980-82A9-7E0720844A7B}.Debug|Any CPU.ActiveCfg = Debug|Any CPU
		{47B6744A-0C40-4980-82A9-7E0720844A7B}.Debug|Any CPU.Build.0 = Debug|Any CPU
		{47B6744A-0C40-4980-82A9-7E0720844A7B}.Release|Any CPU.ActiveCfg = Release|Any CPU
		{47B6744A-0C40-4980-82A9-7E0720844A7B}.Release|Any CPU.Build.0 = Release|Any CPU
		{11E6EDD5-E9DF-4E65-924C-E961336F1DF9}.Debug|Any CPU.ActiveCfg = Debug|Any CPU
		{11E6EDD5-E9DF-4E65-924C-E961336F1DF9}.Debug|Any CPU.Build.0 = Debug|Any CPU
		{11E6EDD5-E9DF-4E65-924C-E961336F1DF9}.Release|Any CPU.ActiveCfg = Release|Any CPU
		{11E6EDD5-E9DF-4E65-924C-E961336F1DF9}.Release|Any CPU.Build.0 = Release|Any CPU
		{CFE9F3A8-B4D5-4B34-AB8A-321086FADB0D}.Debug|Any CPU.ActiveCfg = Debug|Any CPU
		{CFE9F3A8-B4D5-4B34-AB8A-321086FADB0D}.Debug|Any CPU.Build.0 = Debug|Any CPU
		{CFE9F3A8-B4D5-4B34-AB8A-321086FADB0D}.Release|Any CPU.ActiveCfg = Release|Any CPU
		{CFE9F3A8-B4D5-4B34-AB8A-321086FADB0D}.Release|Any CPU.Build.0 = Release|Any CPU
		{038CAEFF-5327-45CD-8D83-E77B8FE47B06}.Debug|Any CPU.ActiveCfg = Debug|Any CPU
		{038CAEFF-5327-45CD-8D83-E77B8FE47B06}.Debug|Any CPU.Build.0 = Debug|Any CPU
		{038CAEFF-5327-45CD-8D83-E77B8FE47B06}.Release|Any CPU.ActiveCfg = Release|Any CPU
		{038CAEFF-5327-45CD-8D83-E77B8FE47B06}.Release|Any CPU.Build.0 = Release|Any CPU
		{5F438493-B39A-4D9B-B5F9-A8E69055C3CE}.Debug|Any CPU.ActiveCfg = Debug|Any CPU
		{5F438493-B39A-4D9B-B5F9-A8E69055C3CE}.Debug|Any CPU.Build.0 = Debug|Any CPU
		{5F438493-B39A-4D9B-B5F9-A8E69055C3CE}.Release|Any CPU.ActiveCfg = Release|Any CPU
		{5F438493-B39A-4D9B-B5F9-A8E69055C3CE}.Release|Any CPU.Build.0 = Release|Any CPU
	EndGlobalSection
	GlobalSection(SolutionProperties) = preSolution
		HideSolutionNode = FALSE
	EndGlobalSection
	GlobalSection(ExtensibilityGlobals) = postSolution
		SolutionGuid = {04C99814-31CB-4645-BC4C-C94ED2EFEB19}
	EndGlobalSection
EndGlobal
